
Microsoft Visual Studio Solution File, Format Version 12.00
Project("{FAE04EC0-301F-11D3-BF4B-00C04F79EFBC}") = "API-Cutstomers", "API-Cutstomers\API-Cutstomers.csproj", "{B0910C89-4F84-4BD2-965D-228907D9FACB}"
EndProject
Project("{FAE04EC0-301F-11D3-BF4B-00C04F79EFBC}") = "API-Customers.Core", "API-Customers.Core\API-Customers.Core.csproj", "{564D98B0-69DF-486E-B2FB-C7997ECFFD23}"
EndProject
Project("{FAE04EC0-301F-11D3-BF4B-00C04F79EFBC}") = "API-Custmers.Infrastructure", "API-Custmers.Infrastructure\API-Custmers.Infrastructure.csproj", "{EEC11055-5DD6-480B-98B9-AB07785FE440}"
EndProject
Global
	GlobalSection(SolutionConfigurationPlatforms) = preSolution
		Debug|Any CPU = Debug|Any CPU
		Release|Any CPU = Release|Any CPU
	EndGlobalSection
	GlobalSection(ProjectConfigurationPlatforms) = postSolution
		{B0910C89-4F84-4BD2-965D-228907D9FACB}.Debug|Any CPU.ActiveCfg = Debug|Any CPU
		{B0910C89-4F84-4BD2-965D-228907D9FACB}.Debug|Any CPU.Build.0 = Debug|Any CPU
		{B0910C89-4F84-4BD2-965D-228907D9FACB}.Release|Any CPU.ActiveCfg = Release|Any CPU
		{B0910C89-4F84-4BD2-965D-228907D9FACB}.Release|Any CPU.Build.0 = Release|Any CPU
		{564D98B0-69DF-486E-B2FB-C7997ECFFD23}.Debug|Any CPU.ActiveCfg = Debug|Any CPU
		{564D98B0-69DF-486E-B2FB-C7997ECFFD23}.Debug|Any CPU.Build.0 = Debug|Any CPU
		{564D98B0-69DF-486E-B2FB-C7997ECFFD23}.Release|Any CPU.ActiveCfg = Release|Any CPU
		{564D98B0-69DF-486E-B2FB-C7997ECFFD23}.Release|Any CPU.Build.0 = Release|Any CPU
		{EEC11055-5DD6-480B-98B9-AB07785FE440}.Debug|Any CPU.ActiveCfg = Debug|Any CPU
		{EEC11055-5DD6-480B-98B9-AB07785FE440}.Debug|Any CPU.Build.0 = Debug|Any CPU
		{EEC11055-5DD6-480B-98B9-AB07785FE440}.Release|Any CPU.ActiveCfg = Release|Any CPU
		{EEC11055-5DD6-480B-98B9-AB07785FE440}.Release|Any CPU.Build.0 = Release|Any CPU
	EndGlobalSection
EndGlobal
